
Microsoft Visual Studio Solution File, Format Version 12.00
# Visual Studio Version 16
VisualStudioVersion = 16.0.30907.101
MinimumVisualStudioVersion = 10.0.40219.1
Project("{FAE04EC0-301F-11D3-BF4B-00C04F79EFBC}") = "CSharp9DemoApp", "CSharp9DemoApp.csproj", "{77E1D168-DBA8-4089-BDB5-CDDC2F3E5FE5}"
EndProject
Global
	GlobalSection(SolutionConfigurationPlatforms) = preSolution
		Debug|Any CPU = Debug|Any CPU
		Release|Any CPU = Release|Any CPU
	EndGlobalSection
	GlobalSection(ProjectConfigurationPlatforms) = postSolution
		{77E1D168-DBA8-4089-BDB5-CDDC2F3E5FE5}.Debug|Any CPU.ActiveCfg = Debug|Any CPU
		{77E1D168-DBA8-4089-BDB5-CDDC2F3E5FE5}.Debug|Any CPU.Build.0 = Debug|Any CPU
		{77E1D168-DBA8-4089-BDB5-CDDC2F3E5FE5}.Release|Any CPU.ActiveCfg = Release|Any CPU
		{77E1D168-DBA8-4089-BDB5-CDDC2F3E5FE5}.Release|Any CPU.Build.0 = Release|Any CPU
	EndGlobalSection
	GlobalSection(SolutionProperties) = preSolution
		HideSolutionNode = FALSE
	EndGlobalSection
	GlobalSection(ExtensibilityGlobals) = postSolution
		SolutionGuid = {E732976D-D2C4-4F83-B81B-2FB46C0C2093}
	EndGlobalSection
EndGlobal
